
Microsoft Visual Studio Solution File, Format Version 12.00
# Visual Studio Version 17
VisualStudioVersion = 17.10.34928.147
MinimumVisualStudioVersion = 10.0.40219.1
Project("{FAE04EC0-301F-11D3-BF4B-00C04F79EFBC}") = "toseef", "toseef\toseef.csproj", "{DF21B28E-3D36-462B-A72D-B22E7D15B01F}"
EndProject
Global
	GlobalSection(SolutionConfigurationPlatforms) = preSolution
		Debug|Any CPU = Debug|Any CPU
		Release|Any CPU = Release|Any CPU
	EndGlobalSection
	GlobalSection(ProjectConfigurationPlatforms) = postSolution
		{DF21B28E-3D36-462B-A72D-B22E7D15B01F}.Debug|Any CPU.ActiveCfg = Debug|Any CPU
		{DF21B28E-3D36-462B-A72D-B22E7D15B01F}.Debug|Any CPU.Build.0 = Debug|Any CPU
		{DF21B28E-3D36-462B-A72D-B22E7D15B01F}.Release|Any CPU.ActiveCfg = Release|Any CPU
		{DF21B28E-3D36-462B-A72D-B22E7D15B01F}.Release|Any CPU.Build.0 = Release|Any CPU
	EndGlobalSection
	GlobalSection(SolutionProperties) = preSolution
		HideSolutionNode = FALSE
	EndGlobalSection
	GlobalSection(ExtensibilityGlobals) = postSolution
		SolutionGuid = {6FA49015-EF3C-4816-91E0-FA213A8CA73B}
	EndGlobalSection
EndGlobal
